// !$*UTF8*$!
{
	archiveVersion = 1;
	classes = {
	};
	objectVersion = 50;
	objects = {

/* Begin PBXBuildFile section */
		2D51F83F21F600FA00DCE660 /* AppDelegate.swift in Sources */ = {isa = PBXBuildFile; fileRef = 2D51F83E21F600FA00DCE660 /* AppDelegate.swift */; };
		2D51F84121F600FA00DCE660 /* ColorPresenter.swift in Sources */ = {isa = PBXBuildFile; fileRef = 2D51F84021F600FA00DCE660 /* ColorPresenter.swift */; };
		2D51F84421F600FA00DCE660 /* Main.storyboard in Resources */ = {isa = PBXBuildFile; fileRef = 2D51F84221F600FA00DCE660 /* Main.storyboard */; };
		2D51F84621F600FB00DCE660 /* Assets.xcassets in Resources */ = {isa = PBXBuildFile; fileRef = 2D51F84521F600FB00DCE660 /* Assets.xcassets */; };
		2D51F84921F600FB00DCE660 /* LaunchScreen.storyboard in Resources */ = {isa = PBXBuildFile; fileRef = 2D51F84721F600FB00DCE660 /* LaunchScreen.storyboard */; };
		2D51F85121F653FB00DCE660 /* ColorPickerVC.swift in Sources */ = {isa = PBXBuildFile; fileRef = 2D51F85021F653FB00DCE660 /* ColorPickerVC.swift */; };
		2D51F85321F6576D00DCE660 /* ColorTransferDelegate.swift in Sources */ = {isa = PBXBuildFile; fileRef = 2D51F85221F6576D00DCE660 /* ColorTransferDelegate.swift */; };
/* End PBXBuildFile section */

/* Begin PBXFileReference section */
		2D51F83B21F600FA00DCE660 /* Color-Magic-2.app */ = {isa = PBXFileReference; explicitFileType = wrapper.application; includeInIndex = 0; path = "Color-Magic-2.app"; sourceTree = BUILT_PRODUCTS_DIR; };
		2D51F83E21F600FA00DCE660 /* AppDelegate.swift */ = {isa = PBXFileReference; lastKnownFileType = sourcecode.swift; path = AppDelegate.swift; sourceTree = "<group>"; };
		2D51F84021F600FA00DCE660 /* ColorPresenter.swift */ = {isa = PBXFileReference; lastKnownFileType = sourcecode.swift; path = ColorPresenter.swift; sourceTree = "<group>"; };
		2D51F84321F600FA00DCE660 /* Base */ = {isa = PBXFileReference; lastKnownFileType = file.storyboard; name = Base; path = Base.lproj/Main.storyboard; sourceTree = "<group>"; };
		2D51F84521F600FB00DCE660 /* Assets.xcassets */ = {isa = PBXFileReference; lastKnownFileType = folder.assetcatalog; path = Assets.xcassets; sourceTree = "<group>"; };
		2D51F84821F600FB00DCE660 /* Base */ = {isa = PBXFileReference; lastKnownFileType = file.storyboard; name = Base; path = Base.lproj/LaunchScreen.storyboard; sourceTree = "<group>"; };
		2D51F84A21F600FB00DCE660 /* Info.plist */ = {isa = PBXFileReference; lastKnownFileType = text.plist.xml; path = Info.plist; sourceTree = "<group>"; };
		2D51F85021F653FB00DCE660 /* ColorPickerVC.swift */ = {isa = PBXFileReference; lastKnownFileType = sourcecode.swift; path = ColorPickerVC.swift; sourceTree = "<group>"; };
		2D51F85221F6576D00DCE660 /* ColorTransferDelegate.swift */ = {isa = PBXFileReference; lastKnownFileType = sourcecode.swift; path = ColorTransferDelegate.swift; sourceTree = "<group>"; };
/* End PBXFileReference section */

/* Begin PBXFrameworksBuildPhase section */
		2D51F83821F600FA00DCE660 /* Frameworks */ = {
			isa = PBXFrameworksBuildPhase;
			buildActionMask = 2147483647;
			files = (
			);
			runOnlyForDeploymentPostprocessing = 0;
		};
/* End PBXFrameworksBuildPhase section */

/* Begin PBXGroup section */
		2D51F83221F600F900DCE660 = {
			isa = PBXGroup;
			children = (
				2D51F85221F6576D00DCE660 /* ColorTransferDelegate.swift */,
				2D51F83D21F600FA00DCE660 /* Color-Magic-2 */,
				2D51F83C21F600FA00DCE660 /* Products */,
			);
			sourceTree = "<group>";
		};
		2D51F83C21F600FA00DCE660 /* Products */ = {
			isa = PBXGroup;
			children = (
				2D51F83B21F600FA00DCE660 /* Color-Magic-2.app */,
			);
			name = Products;
			sourceTree = "<group>";
		};
		2D51F83D21F600FA00DCE660 /* Color-Magic-2 */ = {
			isa = PBXGroup;
			children = (
				2D51F83E21F600FA00DCE660 /* AppDelegate.swift */,
				2D51F84021F600FA00DCE660 /* ColorPresenter.swift */,
				2D51F84221F600FA00DCE660 /* Main.storyboard */,
				2D51F84521F600FB00DCE660 /* Assets.xcassets */,
				2D51F84721F600FB00DCE660 /* LaunchScreen.storyboard */,
				2D51F84A21F600FB00DCE660 /* Info.plist */,
				2D51F85021F653FB00DCE660 /* ColorPickerVC.swift */,
			);
			path = "Color-Magic-2";
			sourceTree = "<group>";
		};
/* End PBXGroup section */

/* Begin PBXNativeTarget section */
		2D51F83A21F600FA00DCE660 /* Color-Magic-2 */ = {
			isa = PBXNativeTarget;
			buildConfigurationList = 2D51F84D21F600FB00DCE660 /* Build configuration list for PBXNativeTarget "Color-Magic-2" */;
			buildPhases = (
				2D51F83721F600FA00DCE660 /* Sources */,
				2D51F83821F600FA00DCE660 /* Frameworks */,
				2D51F83921F600FA00DCE660 /* Resources */,
			);
			buildRules = (
			);
			dependencies = (
			);
			name = "Color-Magic-2";
			productName = "Color-Magic-2";
			productReference = 2D51F83B21F600FA00DCE660 /* Color-Magic-2.app */;
			productType = "com.apple.product-type.application";
		};
/* End PBXNativeTarget section */

/* Begin PBXProject section */
		2D51F83321F600F900DCE660 /* Project object */ = {
			isa = PBXProject;
			attributes = {
				LastSwiftUpdateCheck = 1000;
				LastUpgradeCheck = 1000;
				ORGANIZATIONNAME = "Manar Laith";
				TargetAttributes = {
					2D51F83A21F600FA00DCE660 = {
						CreatedOnToolsVersion = 10.0;
					};
				};
			};
			buildConfigurationList = 2D51F83621F600F900DCE660 /* Build configuration list for PBXProject "Color-Magic-2" */;
			compatibilityVersion = "Xcode 9.3";
			developmentRegion = en;
			hasScannedForEncodings = 0;
			knownRegions = (
				en,
				Base,
			);
			mainGroup = 2D51F83221F600F900DCE660;
			productRefGroup = 2D51F83C21F600FA00DCE660 /* Products */;
			projectDirPath = "";
			projectRoot = "";
			targets = (
				2D51F83A21F600FA00DCE660 /* Color-Magic-2 */,
			);
		};
/* End PBXProject section */

/* Begin PBXResourcesBuildPhase section */
		2D51F83921F600FA00DCE660 /* Resources */ = {
			isa = PBXResourcesBuildPhase;
			buildActionMask = 2147483647;
			files = (
				2D51F84921F600FB00DCE660 /* LaunchScreen.storyboard in Resources */,
				2D51F84621F600FB00DCE660 /* Assets.xcassets in Resources */,
				2D51F84421F600FA00DCE660 /* Main.storyboard in Resources */,
			);
			runOnlyForDeploymentPostprocessing = 0;
		};
/* End PBXResourcesBuildPhase section */

/* Begin PBXSourcesBuildPhase section */
		2D51F83721F600FA00DCE660 /* Sources */ = {
			isa = PBXSourcesBuildPhase;
			buildActionMask = 2147483647;
			files = (
				2D51F84121F600FA00DCE660 /* ColorPresenter.swift in Sources */,
				2D51F85321F6576D00DCE660 /* ColorTransferDelegate.swift in Sources */,
				2D51F83F21F600FA00DCE660 /* AppDelegate.swift in Sources */,
				2D51F85121F653FB00DCE660 /* ColorPickerVC.swift in Sources */,
			);
			runOnlyForDeploymentPostprocessing = 0;
		};
/* End PBXSourcesBuildPhase section */

/* Begin PBXVariantGroup section */
		2D51F84221F600FA00DCE660 /* Main.storyboard */ = {
			isa = PBXVariantGroup;
			children = (
				2D51F84321F600FA00DCE660 /* Base */,
			);
			name = Main.storyboard;
			sourceTree = "<group>";
		};
		2D51F84721F600FB00DCE660 /* LaunchScreen.storyboard */ = {
			isa = PBXVariantGroup;
			children = (
				2D51F84821F600FB00DCE660 /* Base */,
			);
			name = LaunchScreen.storyboard;
			sourceTree = "<group>";
		};
/* End PBXVariantGroup section */

/* Begin XCBuildConfiguration section */
		2D51F84B21F600FB00DCE660 /* Debug */ = {
			isa = XCBuildConfiguration;
			buildSettings = {
				ALWAYS_SEARCH_USER_PATHS = NO;
				CLANG_ANALYZER_NONNULL = YES;
				CLANG_ANALYZER_NUMBER_OBJECT_CONVERSION = YES_AGGRESSIVE;
				CLANG_CXX_LANGUAGE_STANDARD = "gnu++14";
				CLANG_CXX_LIBRARY = "libc++";
				CLANG_ENABLE_MODULES = YES;
				CLANG_ENABLE_OBJC_ARC = YES;
				CLANG_ENABLE_OBJC_WEAK = YES;
				CLANG_WARN_BLOCK_CAPTURE_AUTORELEASING = YES;
				CLANG_WARN_BOOL_CONVERSION = YES;
				CLANG_WARN_COMMA = YES;
				CLANG_WARN_CONSTANT_CONVERSION = YES;
				CLANG_WARN_DEPRECATED_OBJC_IMPLEMENTATIONS = YES;
				CLANG_WARN_DIRECT_OBJC_ISA_USAGE = YES_ERROR;
				CLANG_WARN_DOCUMENTATION_COMMENTS = YES;
				CLANG_WARN_EMPTY_BODY = YES;
				CLANG_WARN_ENUM_CONVERSION = YES;
				CLANG_WARN_INFINITE_RECURSION = YES;
				CLANG_WARN_INT_CONVERSION = YES;
				CLANG_WARN_NON_LITERAL_NULL_CONVERSION = YES;
				CLANG_WARN_OBJC_IMPLICIT_RETAIN_SELF = YES;
				CLANG_WARN_OBJC_LITERAL_CONVERSION = YES;
				CLANG_WARN_OBJC_ROOT_CLASS = YES_ERROR;
				CLANG_WARN_RANGE_LOOP_ANALYSIS = YES;
				CLANG_WARN_STRICT_PROTOTYPES = YES;
				CLANG_WARN_SUSPICIOUS_MOVE = YES;
				CLANG_WARN_UNGUARDED_AVAILABILITY = YES_AGGRESSIVE;
				CLANG_WARN_UNREACHABLE_CODE = YES;
				CLANG_WARN__DUPLICATE_METHOD_MATCH = YES;
				CODE_SIGN_IDENTITY = "iPhone Developer";
				COPY_PHASE_STRIP = NO;
				DEBUG_INFORMATION_FORMAT = dwarf;
				ENABLE_STRICT_OBJC_MSGSEND = YES;
				ENABLE_TESTABILITY = YES;
				GCC_C_LANGUAGE_STANDARD = gnu11;
				GCC_DYNAMIC_NO_PIC = NO;
				GCC_NO_COMMON_BLOCKS = YES;
				GCC_OPTIMIZATION_LEVEL = 0;
				GCC_PREPROCESSOR_DEFINITIONS = (
					"DEBUG=1",
					"$(inherited)",
				);
				GCC_WARN_64_TO_32_BIT_CONVERSION = YES;
				GCC_WARN_ABOUT_RETURN_TYPE = YES_ERROR;
				GCC_WARN_UNDECLARED_SELECTOR = YES;
				GCC_WARN_UNINITIALIZED_AUTOS = YES_AGGRESSIVE;
				GCC_WARN_UNUSED_FUNCTION = YES;
				GCC_WARN_UNUSED_VARIABLE = YES;
				IPHONEOS_DEPLOYMENT_TARGET = 12.0;
				MTL_ENABLE_DEBUG_INFO = INCLUDE_SOURCE;
				MTL_FAST_MATH = YES;
				ONLY_ACTIVE_ARCH = YES;
				SDKROOT = iphoneos;
				SWIFT_ACTIVE_COMPILATION_CONDITIONS = DEBUG;
				SWIFT_OPTIMIZATION_LEVEL = "-Onone";
			};
			name = Debug;
		};
		2D51F84C21F600FB00DCE660 /* Release */ = {
			isa = XCBuildConfiguration;
			buildSettings = {
				ALWAYS_SEARCH_USER_PATHS = NO;
				CLANG_ANALYZER_NONNULL = YES;
				CLANG_ANALYZER_NUMBER_OBJECT_CONVERSION = YES_AGGRESSIVE;
				CLANG_CXX_LANGUAGE_STANDARD = "gnu++14";
				CLANG_CXX_LIBRARY = "libc++";
				CLANG_ENABLE_MODULES = YES;
				CLANG_ENABLE_OBJC_ARC = YES;
				CLANG_ENABLE_OBJC_WEAK = YES;
				CLANG_WARN_BLOCK_CAPTURE_AUTORELEASING = YES;
				CLANG_WARN_BOOL_CONVERSION = YES;
				CLANG_WARN_COMMA = YES;
				CLANG_WARN_CONSTANT_CONVERSION = YES;
				CLANG_WARN_DEPRECATED_OBJC_IMPLEMENTATIONS = YES;
				CLANG_WARN_DIRECT_OBJC_ISA_USAGE = YES_ERROR;
				CLANG_WARN_DOCUMENTATION_COMMENTS = YES;
				CLANG_WARN_EMPTY_BODY = YES;
				CLANG_WARN_ENUM_CONVERSION = YES;
				CLANG_WARN_INFINITE_RECURSION = YES;
				CLANG_WARN_INT_CONVERSION = YES;
				CLANG_WARN_NON_LITERAL_NULL_CONVERSION = YES;
				CLANG_WARN_OBJC_IMPLICIT_RETAIN_SELF = YES;
				CLANG_WARN_OBJC_LITERAL_CONVERSION = YES;
				CLANG_WARN_OBJC_ROOT_CLASS = YES_ERROR;
				CLANG_WARN_RANGE_LOOP_ANALYSIS = YES;
				CLANG_WARN_STRICT_PROTOTYPES = YES;
				CLANG_WARN_SUSPICIOUS_MOVE = YES;
				CLANG_WARN_UNGUARDED_AVAILABILITY = YES_AGGRESSIVE;
				CLANG_WARN_UNREACHABLE_CODE = YES;
				CLANG_WARN__DUPLICATE_METHOD_MATCH = YES;
				CODE_SIGN_IDENTITY = "iPhone Developer";
				COPY_PHASE_STRIP = NO;
				DEBUG_INFORMATION_FORMAT = "dwarf-with-dsym";
				ENABLE_NS_ASSERTIONS = NO;
				ENABLE_STRICT_OBJC_MSGSEND = YES;
				GCC_C_LANGUAGE_STANDARD = gnu11;
				GCC_NO_COMMON_BLOCKS = YES;
				GCC_WARN_64_TO_32_BIT_CONVERSION = YES;
				GCC_WARN_ABOUT_RETURN_TYPE = YES_ERROR;
				GCC_WARN_UNDECLARED_SELECTOR = YES;
				GCC_WARN_UNINITIALIZED_AUTOS = YES_AGGRESSIVE;
				GCC_WARN_UNUSED_FUNCTION = YES;
				GCC_WARN_UNUSED_VARIABLE = YES;
				IPHONEOS_DEPLOYMENT_TARGET = 12.0;
				MTL_ENABLE_DEBUG_INFO = NO;
				MTL_FAST_MATH = YES;
				SDKROOT = iphoneos;
				SWIFT_COMPILATION_MODE = wholemodule;
				SWIFT_OPTIMIZATION_LEVEL = "-O";
				VALIDATE_PRODUCT = YES;
			};
			name = Release;
		};
		2D51F84E21F600FB00DCE660 /* Debug */ = {
			isa = XCBuildConfiguration;
			buildSettings = {
				ASSETCATALOG_COMPILER_APPICON_NAME = AppIcon;
				CODE_SIGN_STYLE = Automatic;
				DEVELOPMENT_TEAM = 2WK9Q956B2;
				INFOPLIST_FILE = "Color-Magic-2/Info.plist";
				LD_RUNPATH_SEARCH_PATHS = (
					"$(inherited)",
					"@executable_path/Frameworks",
				);
				PRODUCT_BUNDLE_IDENTIFIER = "com.Manar.Color-Magic-2";
				PRODUCT_NAME = "$(TARGET_NAME)";
				SWIFT_VERSION = 4.2;
				TARGETED_DEVICE_FAMILY = "1,2";
			};
			name = Debug;
		};
		2D51F84F21F600FB00DCE660 /* Release */ = {
			isa = XCBuildConfiguration;
			buildSettings = {
				ASSETCATALOG_COMPILER_APPICON_NAME = AppIcon;
				CODE_SIGN_STYLE = Automatic;
				DEVELOPMENT_TEAM = 2WK9Q956B2;
				INFOPLIST_FILE = "Color-Magic-2/Info.plist";
				LD_RUNPATH_SEARCH_PATHS = (
					"$(inherited)",
					"@executable_path/Frameworks",
				);
				PRODUCT_BUNDLE_IDENTIFIER = "com.Manar.Color-Magic-2";
				PRODUCT_NAME = "$(TARGET_NAME)";
				SWIFT_VERSION = 4.2;
				TARGETED_DEVICE_FAMILY = "1,2";
			};
			name = Release;
		};
/* End XCBuildConfiguration section */

/* Begin XCConfigurationList section */
		2D51F83621F600F900DCE660 /* Build configuration list for PBXProject "Color-Magic-2" */ = {
			isa = XCConfigurationList;
			buildConfigurations = (
				2D51F84B21F600FB00DCE660 /* Debug */,
				2D51F84C21F600FB00DCE660 /* Release */,
			);
			defaultConfigurationIsVisible = 0;
			defaultConfigurationName = Release;
		};
		2D51F84D21F600FB00DCE660 /* Build configuration list for PBXNativeTarget "Color-Magic-2" */ = {
			isa = XCConfigurationList;
			buildConfigurations = (
				2D51F84E21F600FB00DCE660 /* Debug */,
				2D51F84F21F600FB00DCE660 /* Release */,
			);
			defaultConfigurationIsVisible = 0;
			defaultConfigurationName = Release;
		};
/* End XCConfigurationList section */
	};
	rootObject = 2D51F83321F600F900DCE660 /* Project object */;
}
